
Microsoft Visual Studio Solution File, Format Version 12.00
# Visual Studio Version 16
VisualStudioVersion = 16.0.29905.134
MinimumVisualStudioVersion = 10.0.40219.1
Project("{FAE04EC0-301F-11D3-BF4B-00C04F79EFBC}") = "Contoso University", "Contoso University\Contoso University.csproj", "{87C73E8D-A4E4-4B4E-9A8B-44CB0DFBBCD7}"
EndProject
Global
	GlobalSection(SolutionConfigurationPlatforms) = preSolution
		Debug|Any CPU = Debug|Any CPU
		Release|Any CPU = Release|Any CPU
	EndGlobalSection
	GlobalSection(ProjectConfigurationPlatforms) = postSolution
		{87C73E8D-A4E4-4B4E-9A8B-44CB0DFBBCD7}.Debug|Any CPU.ActiveCfg = Debug|Any CPU
		{87C73E8D-A4E4-4B4E-9A8B-44CB0DFBBCD7}.Debug|Any CPU.Build.0 = Debug|Any CPU
		{87C73E8D-A4E4-4B4E-9A8B-44CB0DFBBCD7}.Release|Any CPU.ActiveCfg = Release|Any CPU
		{87C73E8D-A4E4-4B4E-9A8B-44CB0DFBBCD7}.Release|Any CPU.Build.0 = Release|Any CPU
	EndGlobalSection
	GlobalSection(SolutionProperties) = preSolution
		HideSolutionNode = FALSE
	EndGlobalSection
	GlobalSection(ExtensibilityGlobals) = postSolution
		SolutionGuid = {5B260C51-549D-426B-84A8-419BF904289D}
	EndGlobalSection
EndGlobal
